# This file is automatically @generated by Cargo.
# It is not intended for manual editing.
version = 3

[[package]]
name = "problem_5"
version = "0.1.0"
dependencies = [
 "project_euler_lib",
]

[[package]]
name = "project_euler_lib"
version = "0.1.6"
source = "registry+https://github.com/rust-lang/crates.io-index"
checksum = "c955d0fb7954b8d0c99648e10640935bb91697ad6349844bd1dab928c60aa410"
